
Microsoft Visual Studio Solution File, Format Version 12.00
# Visual Studio 14
VisualStudioVersion = 14.0.23107.0
MinimumVisualStudioVersion = 10.0.40219.1
Project("{FAE04EC0-301F-11D3-BF4B-00C04F79EFBC}") = "App1", "App1\App1\App1.csproj", "{F104CA8B-C550-4EC8-93C1-BBC44E12F67F}"
EndProject
Project("{FAE04EC0-301F-11D3-BF4B-00C04F79EFBC}") = "App1.iOS", "App1\App1.iOS\App1.iOS.csproj", "{12E3FEDF-72CB-4595-A0C8-B7C49D4D75F3}"
EndProject
Project("{FAE04EC0-301F-11D3-BF4B-00C04F79EFBC}") = "App1.Droid", "App1\App1.Droid\App1.Droid.csproj", "{66EC7BE2-4DF5-4A93-A458-E39B2C287D5D}"
EndProject
Project("{FAE04EC0-301F-11D3-BF4B-00C04F79EFBC}") = "App1.WinPhone", "App1\App1.WinPhone\App1.WinPhone.csproj", "{77B59F4C-A2D2-4635-A931-FC5DB4A322C2}"
EndProject
Global
	GlobalSection(SolutionConfigurationPlatforms) = preSolution
		Ad-Hoc|Any CPU = Ad-Hoc|Any CPU
		Ad-Hoc|ARM = Ad-Hoc|ARM
		Ad-Hoc|iPhone = Ad-Hoc|iPhone
		Ad-Hoc|iPhoneSimulator = Ad-Hoc|iPhoneSimulator
		Ad-Hoc|x86 = Ad-Hoc|x86
		AppStore|Any CPU = AppStore|Any CPU
		AppStore|ARM = AppStore|ARM
		AppStore|iPhone = AppStore|iPhone
		AppStore|iPhoneSimulator = AppStore|iPhoneSimulator
		AppStore|x86 = AppStore|x86
		Debug|Any CPU = Debug|Any CPU
		Debug|ARM = Debug|ARM
		Debug|iPhone = Debug|iPhone
		Debug|iPhoneSimulator = Debug|iPhoneSimulator
		Debug|x86 = Debug|x86
		Release|Any CPU = Release|Any CPU
		Release|ARM = Release|ARM
		Release|iPhone = Release|iPhone
		Release|iPhoneSimulator = Release|iPhoneSimulator
		Release|x86 = Release|x86
	EndGlobalSection
	GlobalSection(ProjectConfigurationPlatforms) = postSolution
		{F104CA8B-C550-4EC8-93C1-BBC44E12F67F}.Ad-Hoc|Any CPU.ActiveCfg = Release|Any CPU
		{F104CA8B-C550-4EC8-93C1-BBC44E12F67F}.Ad-Hoc|Any CPU.Build.0 = Release|Any CPU
		{F104CA8B-C550-4EC8-93C1-BBC44E12F67F}.Ad-Hoc|ARM.ActiveCfg = Release|Any CPU
		{F104CA8B-C550-4EC8-93C1-BBC44E12F67F}.Ad-Hoc|ARM.Build.0 = Release|Any CPU
		{F104CA8B-C550-4EC8-93C1-BBC44E12F67F}.Ad-Hoc|iPhone.ActiveCfg = Release|Any CPU
		{F104CA8B-C550-4EC8-93C1-BBC44E12F67F}.Ad-Hoc|iPhone.Build.0 = Release|Any CPU
		{F104CA8B-C550-4EC8-93C1-BBC44E12F67F}.Ad-Hoc|iPhoneSimulator.ActiveCfg = Release|Any CPU
		{F104CA8B-C550-4EC8-93C1-BBC44E12F67F}.Ad-Hoc|iPhoneSimulator.Build.0 = Release|Any CPU
		{F104CA8B-C550-4EC8-93C1-BBC44E12F67F}.Ad-Hoc|x86.ActiveCfg = Release|Any CPU
		{F104CA8B-C550-4EC8-93C1-BBC44E12F67F}.Ad-Hoc|x86.Build.0 = Release|Any CPU
		{F104CA8B-C550-4EC8-93C1-BBC44E12F67F}.AppStore|Any CPU.ActiveCfg = Release|Any CPU
		{F104CA8B-C550-4EC8-93C1-BBC44E12F67F}.AppStore|Any CPU.Build.0 = Release|Any CPU
		{F104CA8B-C550-4EC8-93C1-BBC44E12F67F}.AppStore|ARM.ActiveCfg = Release|Any CPU
		{F104CA8B-C550-4EC8-93C1-BBC44E12F67F}.AppStore|ARM.Build.0 = Release|Any CPU
		{F104CA8B-C550-4EC8-93C1-BBC44E12F67F}.AppStore|iPhone.ActiveCfg = Release|Any CPU
		{F104CA8B-C550-4EC8-93C1-BBC44E12F67F}.AppStore|iPhone.Build.0 = Release|Any CPU
		{F104CA8B-C550-4EC8-93C1-BBC44E12F67F}.AppStore|iPhoneSimulator.ActiveCfg = Release|Any CPU
		{F104CA8B-C550-4EC8-93C1-BBC44E12F67F}.AppStore|iPhoneSimulator.Build.0 = Release|Any CPU
		{F104CA8B-C550-4EC8-93C1-BBC44E12F67F}.AppStore|x86.ActiveCfg = Release|Any CPU
		{F104CA8B-C550-4EC8-93C1-BBC44E12F67F}.AppStore|x86.Build.0 = Release|Any CPU
		{F104CA8B-C550-4EC8-93C1-BBC44E12F67F}.Debug|Any CPU.ActiveCfg = Debug|Any CPU
		{F104CA8B-C550-4EC8-93C1-BBC44E12F67F}.Debug|Any CPU.Build.0 = Debug|Any CPU
		{F104CA8B-C550-4EC8-93C1-BBC44E12F67F}.Debug|ARM.ActiveCfg = Debug|Any CPU
		{F104CA8B-C550-4EC8-93C1-BBC44E12F67F}.Debug|ARM.Build.0 = Debug|Any CPU
		{F104CA8B-C550-4EC8-93C1-BBC44E12F67F}.Debug|iPhone.ActiveCfg = Debug|Any CPU
		{F104CA8B-C550-4EC8-93C1-BBC44E12F67F}.Debug|iPhone.Build.0 = Debug|Any CPU
		{F104CA8B-C550-4EC8-93C1-BBC44E12F67F}.Debug|iPhoneSimulator.ActiveCfg = Debug|Any CPU
		{F104CA8B-C550-4EC8-93C1-BBC44E12F67F}.Debug|iPhoneSimulator.Build.0 = Debug|Any CPU
		{F104CA8B-C550-4EC8-93C1-BBC44E12F67F}.Debug|x86.ActiveCfg = Debug|Any CPU
		{F104CA8B-C550-4EC8-93C1-BBC44E12F67F}.Debug|x86.Build.0 = Debug|Any CPU
		{F104CA8B-C550-4EC8-93C1-BBC44E12F67F}.Release|Any CPU.ActiveCfg = Release|Any CPU
		{F104CA8B-C550-4EC8-93C1-BBC44E12F67F}.Release|Any CPU.Build.0 = Release|Any CPU
		{F104CA8B-C550-4EC8-93C1-BBC44E12F67F}.Release|ARM.ActiveCfg = Release|Any CPU
		{F104CA8B-C550-4EC8-93C1-BBC44E12F67F}.Release|ARM.Build.0 = Release|Any CPU
		{F104CA8B-C550-4EC8-93C1-BBC44E12F67F}.Release|iPhone.ActiveCfg = Release|Any CPU
		{F104CA8B-C550-4EC8-93C1-BBC44E12F67F}.Release|iPhone.Build.0 = Release|Any CPU
		{F104CA8B-C550-4EC8-93C1-BBC44E12F67F}.Release|iPhoneSimulator.ActiveCfg = Release|Any CPU
		{F104CA8B-C550-4EC8-93C1-BBC44E12F67F}.Release|iPhoneSimulator.Build.0 = Release|Any CPU
		{F104CA8B-C550-4EC8-93C1-BBC44E12F67F}.Release|x86.ActiveCfg = Release|Any CPU
		{F104CA8B-C550-4EC8-93C1-BBC44E12F67F}.Release|x86.Build.0 = Release|Any CPU
		{12E3FEDF-72CB-4595-A0C8-B7C49D4D75F3}.Ad-Hoc|Any CPU.ActiveCfg = Ad-Hoc|iPhone
		{12E3FEDF-72CB-4595-A0C8-B7C49D4D75F3}.Ad-Hoc|ARM.ActiveCfg = Ad-Hoc|iPhone
		{12E3FEDF-72CB-4595-A0C8-B7C49D4D75F3}.Ad-Hoc|iPhone.ActiveCfg = Ad-Hoc|iPhone
		{12E3FEDF-72CB-4595-A0C8-B7C49D4D75F3}.Ad-Hoc|iPhone.Build.0 = Ad-Hoc|iPhone
		{12E3FEDF-72CB-4595-A0C8-B7C49D4D75F3}.Ad-Hoc|iPhoneSimulator.ActiveCfg = Ad-Hoc|iPhoneSimulator
		{12E3FEDF-72CB-4595-A0C8-B7C49D4D75F3}.Ad-Hoc|iPhoneSimulator.Build.0 = Ad-Hoc|iPhoneSimulator
		{12E3FEDF-72CB-4595-A0C8-B7C49D4D75F3}.Ad-Hoc|x86.ActiveCfg = Ad-Hoc|iPhone
		{12E3FEDF-72CB-4595-A0C8-B7C49D4D75F3}.AppStore|Any CPU.ActiveCfg = AppStore|iPhone
		{12E3FEDF-72CB-4595-A0C8-B7C49D4D75F3}.AppStore|ARM.ActiveCfg = AppStore|iPhone
		{12E3FEDF-72CB-4595-A0C8-B7C49D4D75F3}.AppStore|iPhone.ActiveCfg = AppStore|iPhone
		{12E3FEDF-72CB-4595-A0C8-B7C49D4D75F3}.AppStore|iPhone.Build.0 = AppStore|iPhone
		{12E3FEDF-72CB-4595-A0C8-B7C49D4D75F3}.AppStore|iPhoneSimulator.ActiveCfg = AppStore|iPhoneSimulator
		{12E3FEDF-72CB-4595-A0C8-B7C49D4D75F3}.AppStore|iPhoneSimulator.Build.0 = AppStore|iPhoneSimulator
		{12E3FEDF-72CB-4595-A0C8-B7C49D4D75F3}.AppStore|x86.ActiveCfg = AppStore|iPhone
		{12E3FEDF-72CB-4595-A0C8-B7C49D4D75F3}.Debug|Any CPU.ActiveCfg = Debug|iPhone
		{12E3FEDF-72CB-4595-A0C8-B7C49D4D75F3}.Debug|ARM.ActiveCfg = Debug|iPhone
		{12E3FEDF-72CB-4595-A0C8-B7C49D4D75F3}.Debug|iPhone.ActiveCfg = Debug|iPhone
		{12E3FEDF-72CB-4595-A0C8-B7C49D4D75F3}.Debug|iPhone.Build.0 = Debug|iPhone
		{12E3FEDF-72CB-4595-A0C8-B7C49D4D75F3}.Debug|iPhoneSimulator.ActiveCfg = Debug|iPhoneSimulator
		{12E3FEDF-72CB-4595-A0C8-B7C49D4D75F3}.Debug|iPhoneSimulator.Build.0 = Debug|iPhoneSimulator
		{12E3FEDF-72CB-4595-A0C8-B7C49D4D75F3}.Debug|x86.ActiveCfg = Debug|iPhone
		{12E3FEDF-72CB-4595-A0C8-B7C49D4D75F3}.Release|Any CPU.ActiveCfg = Release|iPhone
		{12E3FEDF-72CB-4595-A0C8-B7C49D4D75F3}.Release|ARM.ActiveCfg = Release|iPhone
		{12E3FEDF-72CB-4595-A0C8-B7C49D4D75F3}.Release|iPhone.ActiveCfg = Release|iPhone
		{12E3FEDF-72CB-4595-A0C8-B7C49D4D75F3}.Release|iPhone.Build.0 = Release|iPhone
		{12E3FEDF-72CB-4595-A0C8-B7C49D4D75F3}.Release|iPhoneSimulator.ActiveCfg = Release|iPhoneSimulator
		{12E3FEDF-72CB-4595-A0C8-B7C49D4D75F3}.Release|iPhoneSimulator.Build.0 = Release|iPhoneSimulator
		{12E3FEDF-72CB-4595-A0C8-B7C49D4D75F3}.Release|x86.ActiveCfg = Release|iPhone
		{66EC7BE2-4DF5-4A93-A458-E39B2C287D5D}.Ad-Hoc|Any CPU.ActiveCfg = Release|Any CPU
		{66EC7BE2-4DF5-4A93-A458-E39B2C287D5D}.Ad-Hoc|Any CPU.Build.0 = Release|Any CPU
		{66EC7BE2-4DF5-4A93-A458-E39B2C287D5D}.Ad-Hoc|Any CPU.Deploy.0 = Release|Any CPU
		{66EC7BE2-4DF5-4A93-A458-E39B2C287D5D}.Ad-Hoc|ARM.ActiveCfg = Release|Any CPU
		{66EC7BE2-4DF5-4A93-A458-E39B2C287D5D}.Ad-Hoc|ARM.Build.0 = Release|Any CPU
		{66EC7BE2-4DF5-4A93-A458-E39B2C287D5D}.Ad-Hoc|ARM.Deploy.0 = Release|Any CPU
		{66EC7BE2-4DF5-4A93-A458-E39B2C287D5D}.Ad-Hoc|iPhone.ActiveCfg = Release|Any CPU
		{66EC7BE2-4DF5-4A93-A458-E39B2C287D5D}.Ad-Hoc|iPhone.Build.0 = Release|Any CPU
		{66EC7BE2-4DF5-4A93-A458-E39B2C287D5D}.Ad-Hoc|iPhone.Deploy.0 = Release|Any CPU
		{66EC7BE2-4DF5-4A93-A458-E39B2C287D5D}.Ad-Hoc|iPhoneSimulator.ActiveCfg = Release|Any CPU
		{66EC7BE2-4DF5-4A93-A458-E39B2C287D5D}.Ad-Hoc|iPhoneSimulator.Build.0 = Release|Any CPU
		{66EC7BE2-4DF5-4A93-A458-E39B2C287D5D}.Ad-Hoc|iPhoneSimulator.Deploy.0 = Release|Any CPU
		{66EC7BE2-4DF5-4A93-A458-E39B2C287D5D}.Ad-Hoc|x86.ActiveCfg = Release|Any CPU
		{66EC7BE2-4DF5-4A93-A458-E39B2C287D5D}.Ad-Hoc|x86.Build.0 = Release|Any CPU
		{66EC7BE2-4DF5-4A93-A458-E39B2C287D5D}.Ad-Hoc|x86.Deploy.0 = Release|Any CPU
		{66EC7BE2-4DF5-4A93-A458-E39B2C287D5D}.AppStore|Any CPU.ActiveCfg = Release|Any CPU
		{66EC7BE2-4DF5-4A93-A458-E39B2C287D5D}.AppStore|Any CPU.Build.0 = Release|Any CPU
		{66EC7BE2-4DF5-4A93-A458-E39B2C287D5D}.AppStore|Any CPU.Deploy.0 = Release|Any CPU
		{66EC7BE2-4DF5-4A93-A458-E39B2C287D5D}.AppStore|ARM.ActiveCfg = Release|Any CPU
		{66EC7BE2-4DF5-4A93-A458-E39B2C287D5D}.AppStore|ARM.Build.0 = Release|Any CPU
		{66EC7BE2-4DF5-4A93-A458-E39B2C287D5D}.AppStore|ARM.Deploy.0 = Release|Any CPU
		{66EC7BE2-4DF5-4A93-A458-E39B2C287D5D}.AppStore|iPhone.ActiveCfg = Release|Any CPU
		{66EC7BE2-4DF5-4A93-A458-E39B2C287D5D}.AppStore|iPhone.Build.0 = Release|Any CPU
		{66EC7BE2-4DF5-4A93-A458-E39B2C287D5D}.AppStore|iPhone.Deploy.0 = Release|Any CPU
		{66EC7BE2-4DF5-4A93-A458-E39B2C287D5D}.AppStore|iPhoneSimulator.ActiveCfg = Release|Any CPU
		{66EC7BE2-4DF5-4A93-A458-E39B2C287D5D}.AppStore|iPhoneSimulator.Build.0 = Release|Any CPU
		{66EC7BE2-4DF5-4A93-A458-E39B2C287D5D}.AppStore|iPhoneSimulator.Deploy.0 = Release|Any CPU
		{66EC7BE2-4DF5-4A93-A458-E39B2C287D5D}.AppStore|x86.ActiveCfg = Release|Any CPU
		{66EC7BE2-4DF5-4A93-A458-E39B2C287D5D}.AppStore|x86.Build.0 = Release|Any CPU
		{66EC7BE2-4DF5-4A93-A458-E39B2C287D5D}.AppStore|x86.Deploy.0 = Release|Any CPU
		{66EC7BE2-4DF5-4A93-A458-E39B2C287D5D}.Debug|Any CPU.ActiveCfg = Debug|Any CPU
		{66EC7BE2-4DF5-4A93-A458-E39B2C287D5D}.Debug|Any CPU.Build.0 = Debug|Any CPU
		{66EC7BE2-4DF5-4A93-A458-E39B2C287D5D}.Debug|Any CPU.Deploy.0 = Debug|Any CPU
		{66EC7BE2-4DF5-4A93-A458-E39B2C287D5D}.Debug|ARM.ActiveCfg = Debug|Any CPU
		{66EC7BE2-4DF5-4A93-A458-E39B2C287D5D}.Debug|ARM.Build.0 = Debug|Any CPU
		{66EC7BE2-4DF5-4A93-A458-E39B2C287D5D}.Debug|ARM.Deploy.0 = Debug|Any CPU
		{66EC7BE2-4DF5-4A93-A458-E39B2C287D5D}.Debug|iPhone.ActiveCfg = Debug|Any CPU
		{66EC7BE2-4DF5-4A93-A458-E39B2C287D5D}.Debug|iPhone.Build.0 = Debug|Any CPU
		{66EC7BE2-4DF5-4A93-A458-E39B2C287D5D}.Debug|iPhone.Deploy.0 = Debug|Any CPU
		{66EC7BE2-4DF5-4A93-A458-E39B2C287D5D}.Debug|iPhoneSimulator.ActiveCfg = Debug|Any CPU
		{66EC7BE2-4DF5-4A93-A458-E39B2C287D5D}.Debug|iPhoneSimulator.Build.0 = Debug|Any CPU
		{66EC7BE2-4DF5-4A93-A458-E39B2C287D5D}.Debug|iPhoneSimulator.Deploy.0 = Debug|Any CPU
		{66EC7BE2-4DF5-4A93-A458-E39B2C287D5D}.Debug|x86.ActiveCfg = Debug|Any CPU
		{66EC7BE2-4DF5-4A93-A458-E39B2C287D5D}.Debug|x86.Build.0 = Debug|Any CPU
		{66EC7BE2-4DF5-4A93-A458-E39B2C287D5D}.Debug|x86.Deploy.0 = Debug|Any CPU
		{66EC7BE2-4DF5-4A93-A458-E39B2C287D5D}.Release|Any CPU.ActiveCfg = Release|Any CPU
		{66EC7BE2-4DF5-4A93-A458-E39B2C287D5D}.Release|Any CPU.Build.0 = Release|Any CPU
		{66EC7BE2-4DF5-4A93-A458-E39B2C287D5D}.Release|Any CPU.Deploy.0 = Release|Any CPU
		{66EC7BE2-4DF5-4A93-A458-E39B2C287D5D}.Release|ARM.ActiveCfg = Release|Any CPU
		{66EC7BE2-4DF5-4A93-A458-E39B2C287D5D}.Release|ARM.Build.0 = Release|Any CPU
		{66EC7BE2-4DF5-4A93-A458-E39B2C287D5D}.Release|ARM.Deploy.0 = Release|Any CPU
		{66EC7BE2-4DF5-4A93-A458-E39B2C287D5D}.Release|iPhone.ActiveCfg = Release|Any CPU
		{66EC7BE2-4DF5-4A93-A458-E39B2C287D5D}.Release|iPhone.Build.0 = Release|Any CPU
		{66EC7BE2-4DF5-4A93-A458-E39B2C287D5D}.Release|iPhone.Deploy.0 = Release|Any CPU
		{66EC7BE2-4DF5-4A93-A458-E39B2C287D5D}.Release|iPhoneSimulator.ActiveCfg = Release|Any CPU
		{66EC7BE2-4DF5-4A93-A458-E39B2C287D5D}.Release|iPhoneSimulator.Build.0 = Release|Any CPU
		{66EC7BE2-4DF5-4A93-A458-E39B2C287D5D}.Release|iPhoneSimulator.Deploy.0 = Release|Any CPU
		{66EC7BE2-4DF5-4A93-A458-E39B2C287D5D}.Release|x86.ActiveCfg = Release|Any CPU
		{66EC7BE2-4DF5-4A93-A458-E39B2C287D5D}.Release|x86.Build.0 = Release|Any CPU
		{66EC7BE2-4DF5-4A93-A458-E39B2C287D5D}.Release|x86.Deploy.0 = Release|Any CPU
		{77B59F4C-A2D2-4635-A931-FC5DB4A322C2}.Ad-Hoc|Any CPU.ActiveCfg = Release|Any CPU
		{77B59F4C-A2D2-4635-A931-FC5DB4A322C2}.Ad-Hoc|Any CPU.Build.0 = Release|Any CPU
		{77B59F4C-A2D2-4635-A931-FC5DB4A322C2}.Ad-Hoc|Any CPU.Deploy.0 = Release|Any CPU
		{77B59F4C-A2D2-4635-A931-FC5DB4A322C2}.Ad-Hoc|ARM.ActiveCfg = Release|ARM
		{77B59F4C-A2D2-4635-A931-FC5DB4A322C2}.Ad-Hoc|ARM.Build.0 = Release|ARM
		{77B59F4C-A2D2-4635-A931-FC5DB4A322C2}.Ad-Hoc|ARM.Deploy.0 = Release|ARM
		{77B59F4C-A2D2-4635-A931-FC5DB4A322C2}.Ad-Hoc|iPhone.ActiveCfg = Release|Any CPU
		{77B59F4C-A2D2-4635-A931-FC5DB4A322C2}.Ad-Hoc|iPhone.Build.0 = Release|Any CPU
		{77B59F4C-A2D2-4635-A931-FC5DB4A322C2}.Ad-Hoc|iPhone.Deploy.0 = Release|Any CPU
		{77B59F4C-A2D2-4635-A931-FC5DB4A322C2}.Ad-Hoc|iPhoneSimulator.ActiveCfg = Release|Any CPU
		{77B59F4C-A2D2-4635-A931-FC5DB4A322C2}.Ad-Hoc|iPhoneSimulator.Build.0 = Release|Any CPU
		{77B59F4C-A2D2-4635-A931-FC5DB4A322C2}.Ad-Hoc|iPhoneSimulator.Deploy.0 = Release|Any CPU
		{77B59F4C-A2D2-4635-A931-FC5DB4A322C2}.Ad-Hoc|x86.ActiveCfg = Release|x86
		{77B59F4C-A2D2-4635-A931-FC5DB4A322C2}.Ad-Hoc|x86.Build.0 = Release|x86
		{77B59F4C-A2D2-4635-A931-FC5DB4A322C2}.Ad-Hoc|x86.Deploy.0 = Release|x86
		{77B59F4C-A2D2-4635-A931-FC5DB4A322C2}.AppStore|Any CPU.ActiveCfg = Release|Any CPU
		{77B59F4C-A2D2-4635-A931-FC5DB4A322C2}.AppStore|Any CPU.Build.0 = Release|Any CPU
		{77B59F4C-A2D2-4635-A931-FC5DB4A322C2}.AppStore|Any CPU.Deploy.0 = Release|Any CPU
		{77B59F4C-A2D2-4635-A931-FC5DB4A322C2}.AppStore|ARM.ActiveCfg = Release|ARM
		{77B59F4C-A2D2-4635-A931-FC5DB4A322C2}.AppStore|ARM.Build.0 = Release|ARM
		{77B59F4C-A2D2-4635-A931-FC5DB4A322C2}.AppStore|ARM.Deploy.0 = Release|ARM
		{77B59F4C-A2D2-4635-A931-FC5DB4A322C2}.AppStore|iPhone.ActiveCfg = Release|Any CPU
		{77B59F4C-A2D2-4635-A931-FC5DB4A322C2}.AppStore|iPhone.Build.0 = Release|Any CPU
		{77B59F4C-A2D2-4635-A931-FC5DB4A322C2}.AppStore|iPhone.Deploy.0 = Release|Any CPU
		{77B59F4C-A2D2-4635-A931-FC5DB4A322C2}.AppStore|iPhoneSimulator.ActiveCfg = Release|Any CPU
		{77B59F4C-A2D2-4635-A931-FC5DB4A322C2}.AppStore|iPhoneSimulator.Build.0 = Release|Any CPU
		{77B59F4C-A2D2-4635-A931-FC5DB4A322C2}.AppStore|iPhoneSimulator.Deploy.0 = Release|Any CPU
		{77B59F4C-A2D2-4635-A931-FC5DB4A322C2}.AppStore|x86.ActiveCfg = Release|x86
		{77B59F4C-A2D2-4635-A931-FC5DB4A322C2}.AppStore|x86.Build.0 = Release|x86
		{77B59F4C-A2D2-4635-A931-FC5DB4A322C2}.AppStore|x86.Deploy.0 = Release|x86
		{77B59F4C-A2D2-4635-A931-FC5DB4A322C2}.Debug|Any CPU.ActiveCfg = Debug|Any CPU
		{77B59F4C-A2D2-4635-A931-FC5DB4A322C2}.Debug|Any CPU.Build.0 = Debug|Any CPU
		{77B59F4C-A2D2-4635-A931-FC5DB4A322C2}.Debug|Any CPU.Deploy.0 = Debug|Any CPU
		{77B59F4C-A2D2-4635-A931-FC5DB4A322C2}.Debug|ARM.ActiveCfg = Debug|ARM
		{77B59F4C-A2D2-4635-A931-FC5DB4A322C2}.Debug|ARM.Build.0 = Debug|ARM
		{77B59F4C-A2D2-4635-A931-FC5DB4A322C2}.Debug|ARM.Deploy.0 = Debug|ARM
		{77B59F4C-A2D2-4635-A931-FC5DB4A322C2}.Debug|iPhone.ActiveCfg = Debug|Any CPU
		{77B59F4C-A2D2-4635-A931-FC5DB4A322C2}.Debug|iPhone.Build.0 = Debug|Any CPU
		{77B59F4C-A2D2-4635-A931-FC5DB4A322C2}.Debug|iPhone.Deploy.0 = Debug|Any CPU
		{77B59F4C-A2D2-4635-A931-FC5DB4A322C2}.Debug|iPhoneSimulator.ActiveCfg = Debug|Any CPU
		{77B59F4C-A2D2-4635-A931-FC5DB4A322C2}.Debug|iPhoneSimulator.Build.0 = Debug|Any CPU
		{77B59F4C-A2D2-4635-A931-FC5DB4A322C2}.Debug|iPhoneSimulator.Deploy.0 = Debug|Any CPU
		{77B59F4C-A2D2-4635-A931-FC5DB4A322C2}.Debug|x86.ActiveCfg = Debug|x86
		{77B59F4C-A2D2-4635-A931-FC5DB4A322C2}.Debug|x86.Build.0 = Debug|x86
		{77B59F4C-A2D2-4635-A931-FC5DB4A322C2}.Debug|x86.Deploy.0 = Debug|x86
		{77B59F4C-A2D2-4635-A931-FC5DB4A322C2}.Release|Any CPU.ActiveCfg = Release|Any CPU
		{77B59F4C-A2D2-4635-A931-FC5DB4A322C2}.Release|Any CPU.Build.0 = Release|Any CPU
		{77B59F4C-A2D2-4635-A931-FC5DB4A322C2}.Release|Any CPU.Deploy.0 = Release|Any CPU
		{77B59F4C-A2D2-4635-A931-FC5DB4A322C2}.Release|ARM.ActiveCfg = Release|ARM
		{77B59F4C-A2D2-4635-A931-FC5DB4A322C2}.Release|ARM.Build.0 = Release|ARM
		{77B59F4C-A2D2-4635-A931-FC5DB4A322C2}.Release|ARM.Deploy.0 = Release|ARM
		{77B59F4C-A2D2-4635-A931-FC5DB4A322C2}.Release|iPhone.ActiveCfg = Release|Any CPU
		{77B59F4C-A2D2-4635-A931-FC5DB4A322C2}.Release|iPhone.Build.0 = Release|Any CPU
		{77B59F4C-A2D2-4635-A931-FC5DB4A322C2}.Release|iPhone.Deploy.0 = Release|Any CPU
		{77B59F4C-A2D2-4635-A931-FC5DB4A322C2}.Release|iPhoneSimulator.ActiveCfg = Release|Any CPU
		{77B59F4C-A2D2-4635-A931-FC5DB4A322C2}.Release|iPhoneSimulator.Build.0 = Release|Any CPU
		{77B59F4C-A2D2-4635-A931-FC5DB4A322C2}.Release|iPhoneSimulator.Deploy.0 = Release|Any CPU
		{77B59F4C-A2D2-4635-A931-FC5DB4A322C2}.Release|x86.ActiveCfg = Release|x86
		{77B59F4C-A2D2-4635-A931-FC5DB4A322C2}.Release|x86.Build.0 = Release|x86
		{77B59F4C-A2D2-4635-A931-FC5DB4A322C2}.Release|x86.Deploy.0 = Release|x86
	EndGlobalSection
	GlobalSection(SolutionProperties) = preSolution
		HideSolutionNode = FALSE
	EndGlobalSection
EndGlobal
